// !$*UTF8*$!
{
	archiveVersion = 1;
	classes = {
	};
	objectVersion = 56;
	objects = {

/* Begin PBXBuildFile section */
		AB2461D62C90C6CC00FBD4CE /* LeavesView.swift in Sources */ = {isa = PBXBuildFile; fileRef = AB2461D52C90C6CC00FBD4CE /* LeavesView.swift */; };
		AB2461D92C90CAFB00FBD4CE /* UserDefaults.swift in Sources */ = {isa = PBXBuildFile; fileRef = AB2461D82C90CAFB00FBD4CE /* UserDefaults.swift */; };
		AB2461DB2C90CBB300FBD4CE /* UserData.swift in Sources */ = {isa = PBXBuildFile; fileRef = AB2461DA2C90CBB300FBD4CE /* UserData.swift */; };
		AB51F0B32C8B59AD00FB07AE /* HrApp.swift in Sources */ = {isa = PBXBuildFile; fileRef = AB51F0B22C8B59AD00FB07AE /* HrApp.swift */; };
		AB51F0B72C8B59AF00FB07AE /* Assets.xcassets in Resources */ = {isa = PBXBuildFile; fileRef = AB51F0B62C8B59AF00FB07AE /* Assets.xcassets */; };
		AB51F0BA2C8B59AF00FB07AE /* Preview Assets.xcassets in Resources */ = {isa = PBXBuildFile; fileRef = AB51F0B92C8B59AF00FB07AE /* Preview Assets.xcassets */; };
		AB51F0C22C8B5B3900FB07AE /* LoginView.swift in Sources */ = {isa = PBXBuildFile; fileRef = AB51F0C12C8B5B3900FB07AE /* LoginView.swift */; };
		AB51F0C92C8B5C2900FB07AE /* LoginViewModel.swift in Sources */ = {isa = PBXBuildFile; fileRef = AB51F0C82C8B5C2900FB07AE /* LoginViewModel.swift */; };
		AB94876E2C8B5F8E00934E39 /* NavigationModel.swift in Sources */ = {isa = PBXBuildFile; fileRef = AB94876D2C8B5F8E00934E39 /* NavigationModel.swift */; };
		AB9487702C8B628800934E39 /* LoadingView.swift in Sources */ = {isa = PBXBuildFile; fileRef = AB94876F2C8B628800934E39 /* LoadingView.swift */; };
		AB9487732C8B67BC00934E39 /* HomeView.swift in Sources */ = {isa = PBXBuildFile; fileRef = AB9487722C8B67BC00934E39 /* HomeView.swift */; };
		AB94877A2C8B90C600934E39 /* CheckInOutView.swift in Sources */ = {isa = PBXBuildFile; fileRef = AB9487792C8B90C600934E39 /* CheckInOutView.swift */; };
		AB9B7E8E2C8F776D006D74BD /* TableItemModel.swift in Sources */ = {isa = PBXBuildFile; fileRef = AB9B7E8D2C8F776D006D74BD /* TableItemModel.swift */; };
		AB9B7E902C8F779C006D74BD /* TableItemView.swift in Sources */ = {isa = PBXBuildFile; fileRef = AB9B7E8F2C8F779C006D74BD /* TableItemView.swift */; };
		ABB5FEA72CB03943006C3976 /* HrDataSource.xcframework in Frameworks */ = {isa = PBXBuildFile; fileRef = ABB5FEA62CB03943006C3976 /* HrDataSource.xcframework */; };
		ABB5FEA82CB03943006C3976 /* HrDataSource.xcframework in Embed Frameworks */ = {isa = PBXBuildFile; fileRef = ABB5FEA62CB03943006C3976 /* HrDataSource.xcframework */; settings = {ATTRIBUTES = (CodeSignOnCopy, RemoveHeadersOnCopy, ); }; };
		ABB5FEAB2CB05C23006C3976 /* DateExt.swift in Sources */ = {isa = PBXBuildFile; fileRef = ABB5FEAA2CB05C20006C3976 /* DateExt.swift */; };
		ABB5FEAD2CB06159006C3976 /* LeavesViewModel.swift in Sources */ = {isa = PBXBuildFile; fileRef = ABB5FEAC2CB06159006C3976 /* LeavesViewModel.swift */; };
		ABDA80222C9DC59100A60078 /* HomeViewModel.swift in Sources */ = {isa = PBXBuildFile; fileRef = ABDA80212C9DC59100A60078 /* HomeViewModel.swift */; };
		ABDA80262C9DE61200A60078 /* Localizable.xcstrings in Resources */ = {isa = PBXBuildFile; fileRef = ABDA80252C9DE61200A60078 /* Localizable.xcstrings */; };
		ABDA80282C9DEB7E00A60078 /* LanguageManager.swift in Sources */ = {isa = PBXBuildFile; fileRef = ABDA80272C9DEB7E00A60078 /* LanguageManager.swift */; };
		ABEB84AC2C9F1E200074D9C1 /* Constants.swift in Sources */ = {isa = PBXBuildFile; fileRef = ABEB84AB2C9F1E200074D9C1 /* Constants.swift */; };
/* End PBXBuildFile section */

/* Begin PBXCopyFilesBuildPhase section */
		ABB5FEA92CB03943006C3976 /* Embed Frameworks */ = {
			isa = PBXCopyFilesBuildPhase;
			buildActionMask = 2147483647;
			dstPath = "";
			dstSubfolderSpec = 10;
			files = (
				ABB5FEA82CB03943006C3976 /* HrDataSource.xcframework in Embed Frameworks */,
			);
			name = "Embed Frameworks";
			runOnlyForDeploymentPostprocessing = 0;
		};
/* End PBXCopyFilesBuildPhase section */

/* Begin PBXFileReference section */
		AB2461D52C90C6CC00FBD4CE /* LeavesView.swift */ = {isa = PBXFileReference; lastKnownFileType = sourcecode.swift; path = LeavesView.swift; sourceTree = "<group>"; };
		AB2461D82C90CAFB00FBD4CE /* UserDefaults.swift */ = {isa = PBXFileReference; lastKnownFileType = sourcecode.swift; path = UserDefaults.swift; sourceTree = "<group>"; };
		AB2461DA2C90CBB300FBD4CE /* UserData.swift */ = {isa = PBXFileReference; lastKnownFileType = sourcecode.swift; path = UserData.swift; sourceTree = "<group>"; };
		AB51F0AF2C8B59AD00FB07AE /* Hr.app */ = {isa = PBXFileReference; explicitFileType = wrapper.application; includeInIndex = 0; path = Hr.app; sourceTree = BUILT_PRODUCTS_DIR; };
		AB51F0B22C8B59AD00FB07AE /* HrApp.swift */ = {isa = PBXFileReference; lastKnownFileType = sourcecode.swift; path = HrApp.swift; sourceTree = "<group>"; };
		AB51F0B62C8B59AF00FB07AE /* Assets.xcassets */ = {isa = PBXFileReference; lastKnownFileType = folder.assetcatalog; path = Assets.xcassets; sourceTree = "<group>"; };
		AB51F0B92C8B59AF00FB07AE /* Preview Assets.xcassets */ = {isa = PBXFileReference; lastKnownFileType = folder.assetcatalog; path = "Preview Assets.xcassets"; sourceTree = "<group>"; };
		AB51F0C12C8B5B3900FB07AE /* LoginView.swift */ = {isa = PBXFileReference; lastKnownFileType = sourcecode.swift; path = LoginView.swift; sourceTree = "<group>"; };
		AB51F0C82C8B5C2900FB07AE /* LoginViewModel.swift */ = {isa = PBXFileReference; lastKnownFileType = sourcecode.swift; path = LoginViewModel.swift; sourceTree = "<group>"; };
		AB94876D2C8B5F8E00934E39 /* NavigationModel.swift */ = {isa = PBXFileReference; lastKnownFileType = sourcecode.swift; path = NavigationModel.swift; sourceTree = "<group>"; };
		AB94876F2C8B628800934E39 /* LoadingView.swift */ = {isa = PBXFileReference; lastKnownFileType = sourcecode.swift; path = LoadingView.swift; sourceTree = "<group>"; };
		AB9487722C8B67BC00934E39 /* HomeView.swift */ = {isa = PBXFileReference; lastKnownFileType = sourcecode.swift; path = HomeView.swift; sourceTree = "<group>"; };
		AB9487742C8B7F5900934E39 /* HrDataSource.xcframework */ = {isa = PBXFileReference; lastKnownFileType = wrapper.xcframework; name = HrDataSource.xcframework; path = ../../AndroidStudioProjects/HrKmm/HrDataSource/build/XCFrameworks/release/HrDataSource.xcframework; sourceTree = "<group>"; };
		AB9487792C8B90C600934E39 /* CheckInOutView.swift */ = {isa = PBXFileReference; lastKnownFileType = sourcecode.swift; path = CheckInOutView.swift; sourceTree = "<group>"; };
		AB9B7E8D2C8F776D006D74BD /* TableItemModel.swift */ = {isa = PBXFileReference; lastKnownFileType = sourcecode.swift; path = TableItemModel.swift; sourceTree = "<group>"; };
		AB9B7E8F2C8F779C006D74BD /* TableItemView.swift */ = {isa = PBXFileReference; lastKnownFileType = sourcecode.swift; path = TableItemView.swift; sourceTree = "<group>"; };
		ABB5FEA62CB03943006C3976 /* HrDataSource.xcframework */ = {isa = PBXFileReference; lastKnownFileType = wrapper.xcframework; name = HrDataSource.xcframework; path = ../HrDataSource.xcframework; sourceTree = "<group>"; };
		ABB5FEAA2CB05C20006C3976 /* DateExt.swift */ = {isa = PBXFileReference; lastKnownFileType = sourcecode.swift; path = DateExt.swift; sourceTree = "<group>"; };
		ABB5FEAC2CB06159006C3976 /* LeavesViewModel.swift */ = {isa = PBXFileReference; lastKnownFileType = sourcecode.swift; path = LeavesViewModel.swift; sourceTree = "<group>"; };
		ABDA80212C9DC59100A60078 /* HomeViewModel.swift */ = {isa = PBXFileReference; lastKnownFileType = sourcecode.swift; path = HomeViewModel.swift; sourceTree = "<group>"; };
		ABDA80232C9DC90C00A60078 /* Info.plist */ = {isa = PBXFileReference; lastKnownFileType = text.plist; path = Info.plist; sourceTree = "<group>"; };
		ABDA80252C9DE61200A60078 /* Localizable.xcstrings */ = {isa = PBXFileReference; lastKnownFileType = text.json.xcstrings; path = Localizable.xcstrings; sourceTree = "<group>"; };
		ABDA80272C9DEB7E00A60078 /* LanguageManager.swift */ = {isa = PBXFileReference; lastKnownFileType = sourcecode.swift; path = LanguageManager.swift; sourceTree = "<group>"; };
		ABEB84AB2C9F1E200074D9C1 /* Constants.swift */ = {isa = PBXFileReference; lastKnownFileType = sourcecode.swift; path = Constants.swift; sourceTree = "<group>"; };
/* End PBXFileReference section */

/* Begin PBXFrameworksBuildPhase section */
		AB51F0AC2C8B59AD00FB07AE /* Frameworks */ = {
			isa = PBXFrameworksBuildPhase;
			buildActionMask = 2147483647;
			files = (
				ABB5FEA72CB03943006C3976 /* HrDataSource.xcframework in Frameworks */,
			);
			runOnlyForDeploymentPostprocessing = 0;
		};
/* End PBXFrameworksBuildPhase section */

/* Begin PBXGroup section */
		AB2461D42C90C6B000FBD4CE /* Leaves */ = {
			isa = PBXGroup;
			children = (
				ABB5FEAC2CB06159006C3976 /* LeavesViewModel.swift */,
				AB2461D52C90C6CC00FBD4CE /* LeavesView.swift */,
			);
			path = Leaves;
			sourceTree = "<group>";
		};
		AB2461D72C90CAE400FBD4CE /* Core */ = {
			isa = PBXGroup;
			children = (
				ABB5FEAA2CB05C20006C3976 /* DateExt.swift */,
				AB2461D82C90CAFB00FBD4CE /* UserDefaults.swift */,
				ABDA80272C9DEB7E00A60078 /* LanguageManager.swift */,
				ABEB84AB2C9F1E200074D9C1 /* Constants.swift */,
			);
			path = Core;
			sourceTree = "<group>";
		};
		AB51F0A62C8B59AD00FB07AE = {
			isa = PBXGroup;
			children = (
				AB51F0B12C8B59AD00FB07AE /* Hr */,
				AB51F0B02C8B59AD00FB07AE /* Products */,
				AB51F0C32C8B5BC500FB07AE /* Frameworks */,
			);
			sourceTree = "<group>";
		};
		AB51F0B02C8B59AD00FB07AE /* Products */ = {
			isa = PBXGroup;
			children = (
				AB51F0AF2C8B59AD00FB07AE /* Hr.app */,
			);
			name = Products;
			sourceTree = "<group>";
		};
		AB51F0B12C8B59AD00FB07AE /* Hr */ = {
			isa = PBXGroup;
			children = (
				ABEB84A62C9F00BB0074D9C1 /* Font */,
				ABDA80232C9DC90C00A60078 /* Info.plist */,
				AB2461D72C90CAE400FBD4CE /* Core */,
				AB9B7E912C8F7851006D74BD /* Modules */,
				AB9B7E8C2C8F7745006D74BD /* Models */,
				AB9B7E8B2C8F7632006D74BD /* Custom Views */,
				AB51F0B22C8B59AD00FB07AE /* HrApp.swift */,
				AB51F0B62C8B59AF00FB07AE /* Assets.xcassets */,
				AB51F0B82C8B59AF00FB07AE /* Preview Content */,
				AB94876D2C8B5F8E00934E39 /* NavigationModel.swift */,
				ABDA80252C9DE61200A60078 /* Localizable.xcstrings */,
			);
			path = Hr;
			sourceTree = "<group>";
		};
		AB51F0B82C8B59AF00FB07AE /* Preview Content */ = {
			isa = PBXGroup;
			children = (
				AB51F0B92C8B59AF00FB07AE /* Preview Assets.xcassets */,
			);
			path = "Preview Content";
			sourceTree = "<group>";
		};
		AB51F0C02C8B5A6500FB07AE /* Login */ = {
			isa = PBXGroup;
			children = (
				AB51F0C12C8B5B3900FB07AE /* LoginView.swift */,
				AB51F0C82C8B5C2900FB07AE /* LoginViewModel.swift */,
			);
			path = Login;
			sourceTree = "<group>";
		};
		AB51F0C32C8B5BC500FB07AE /* Frameworks */ = {
			isa = PBXGroup;
			children = (
				ABB5FEA62CB03943006C3976 /* HrDataSource.xcframework */,
				AB9487742C8B7F5900934E39 /* HrDataSource.xcframework */,
			);
			name = Frameworks;
			sourceTree = "<group>";
		};
		AB9487712C8B67A400934E39 /* Home */ = {
			isa = PBXGroup;
			children = (
				AB9487722C8B67BC00934E39 /* HomeView.swift */,
				ABDA80212C9DC59100A60078 /* HomeViewModel.swift */,
			);
			path = Home;
			sourceTree = "<group>";
		};
		AB9487782C8B90B600934E39 /* CheckInOut */ = {
			isa = PBXGroup;
			children = (
				AB9487792C8B90C600934E39 /* CheckInOutView.swift */,
			);
			path = CheckInOut;
			sourceTree = "<group>";
		};
		AB9B7E8B2C8F7632006D74BD /* Custom Views */ = {
			isa = PBXGroup;
			children = (
				AB94876F2C8B628800934E39 /* LoadingView.swift */,
				AB9B7E8F2C8F779C006D74BD /* TableItemView.swift */,
			);
			path = "Custom Views";
			sourceTree = "<group>";
		};
		AB9B7E8C2C8F7745006D74BD /* Models */ = {
			isa = PBXGroup;
			children = (
				AB9B7E8D2C8F776D006D74BD /* TableItemModel.swift */,
				AB2461DA2C90CBB300FBD4CE /* UserData.swift */,
			);
			path = Models;
			sourceTree = "<group>";
		};
		AB9B7E912C8F7851006D74BD /* Modules */ = {
			isa = PBXGroup;
			children = (
				AB2461D42C90C6B000FBD4CE /* Leaves */,
				AB51F0C02C8B5A6500FB07AE /* Login */,
				AB9487782C8B90B600934E39 /* CheckInOut */,
				AB9487712C8B67A400934E39 /* Home */,
			);
			path = Modules;
			sourceTree = "<group>";
		};
		ABEB84A62C9F00BB0074D9C1 /* Font */ = {
			isa = PBXGroup;
			children = (
			);
			path = Font;
			sourceTree = "<group>";
		};
/* End PBXGroup section */

/* Begin PBXNativeTarget section */
		AB51F0AE2C8B59AD00FB07AE /* Hr */ = {
			isa = PBXNativeTarget;
			buildConfigurationList = AB51F0BD2C8B59AF00FB07AE /* Build configuration list for PBXNativeTarget "Hr" */;
			buildPhases = (
				AB51F0AB2C8B59AD00FB07AE /* Sources */,
				AB51F0AC2C8B59AD00FB07AE /* Frameworks */,
				AB51F0AD2C8B59AD00FB07AE /* Resources */,
				ABB5FEA92CB03943006C3976 /* Embed Frameworks */,
			);
			buildRules = (
			);
			dependencies = (
			);
			name = Hr;
			productName = Hr;
			productReference = AB51F0AF2C8B59AD00FB07AE /* Hr.app */;
			productType = "com.apple.product-type.application";
		};
/* End PBXNativeTarget section */

/* Begin PBXProject section */
		AB51F0A72C8B59AD00FB07AE /* Project object */ = {
			isa = PBXProject;
			attributes = {
				BuildIndependentTargetsInParallel = 1;
				LastSwiftUpdateCheck = 1540;
				LastUpgradeCheck = 1540;
				TargetAttributes = {
					AB51F0AE2C8B59AD00FB07AE = {
						CreatedOnToolsVersion = 15.4;
					};
				};
			};
			buildConfigurationList = AB51F0AA2C8B59AD00FB07AE /* Build configuration list for PBXProject "Hr" */;
			compatibilityVersion = "Xcode 14.0";
			developmentRegion = en;
			hasScannedForEncodings = 0;
			knownRegions = (
				en,
				Base,
				ar,
			);
			mainGroup = AB51F0A62C8B59AD00FB07AE;
			productRefGroup = AB51F0B02C8B59AD00FB07AE /* Products */;
			projectDirPath = "";
			projectRoot = "";
			targets = (
				AB51F0AE2C8B59AD00FB07AE /* Hr */,
			);
		};
/* End PBXProject section */

/* Begin PBXResourcesBuildPhase section */
		AB51F0AD2C8B59AD00FB07AE /* Resources */ = {
			isa = PBXResourcesBuildPhase;
			buildActionMask = 2147483647;
			files = (
				AB51F0BA2C8B59AF00FB07AE /* Preview Assets.xcassets in Resources */,
				AB51F0B72C8B59AF00FB07AE /* Assets.xcassets in Resources */,
				ABDA80262C9DE61200A60078 /* Localizable.xcstrings in Resources */,
			);
			runOnlyForDeploymentPostprocessing = 0;
		};
/* End PBXResourcesBuildPhase section */

/* Begin PBXSourcesBuildPhase section */
		AB51F0AB2C8B59AD00FB07AE /* Sources */ = {
			isa = PBXSourcesBuildPhase;
			buildActionMask = 2147483647;
			files = (
				AB51F0C92C8B5C2900FB07AE /* LoginViewModel.swift in Sources */,
				ABDA80282C9DEB7E00A60078 /* LanguageManager.swift in Sources */,
				ABB5FEAB2CB05C23006C3976 /* DateExt.swift in Sources */,
				AB9B7E902C8F779C006D74BD /* TableItemView.swift in Sources */,
				AB94876E2C8B5F8E00934E39 /* NavigationModel.swift in Sources */,
				AB2461D92C90CAFB00FBD4CE /* UserDefaults.swift in Sources */,
				ABEB84AC2C9F1E200074D9C1 /* Constants.swift in Sources */,
				AB51F0B32C8B59AD00FB07AE /* HrApp.swift in Sources */,
				AB2461D62C90C6CC00FBD4CE /* LeavesView.swift in Sources */,
				AB2461DB2C90CBB300FBD4CE /* UserData.swift in Sources */,
				ABB5FEAD2CB06159006C3976 /* LeavesViewModel.swift in Sources */,
				AB9487732C8B67BC00934E39 /* HomeView.swift in Sources */,
				ABDA80222C9DC59100A60078 /* HomeViewModel.swift in Sources */,
				AB9487702C8B628800934E39 /* LoadingView.swift in Sources */,
				AB51F0C22C8B5B3900FB07AE /* LoginView.swift in Sources */,
				AB94877A2C8B90C600934E39 /* CheckInOutView.swift in Sources */,
				AB9B7E8E2C8F776D006D74BD /* TableItemModel.swift in Sources */,
			);
			runOnlyForDeploymentPostprocessing = 0;
		};
/* End PBXSourcesBuildPhase section */

/* Begin XCBuildConfiguration section */
		AB51F0BB2C8B59AF00FB07AE /* Debug */ = {
			isa = XCBuildConfiguration;
			buildSettings = {
				ALWAYS_SEARCH_USER_PATHS = NO;
				ASSETCATALOG_COMPILER_GENERATE_SWIFT_ASSET_SYMBOL_EXTENSIONS = YES;
				CLANG_ANALYZER_NONNULL = YES;
				CLANG_ANALYZER_NUMBER_OBJECT_CONVERSION = YES_AGGRESSIVE;
				CLANG_CXX_LANGUAGE_STANDARD = "gnu++20";
				CLANG_ENABLE_MODULES = YES;
				CLANG_ENABLE_OBJC_ARC = YES;
				CLANG_ENABLE_OBJC_WEAK = YES;
				CLANG_WARN_BLOCK_CAPTURE_AUTORELEASING = YES;
				CLANG_WARN_BOOL_CONVERSION = YES;
				CLANG_WARN_COMMA = YES;
				CLANG_WARN_CONSTANT_CONVERSION = YES;
				CLANG_WARN_DEPRECATED_OBJC_IMPLEMENTATIONS = YES;
				CLANG_WARN_DIRECT_OBJC_ISA_USAGE = YES_ERROR;
				CLANG_WARN_DOCUMENTATION_COMMENTS = YES;
				CLANG_WARN_EMPTY_BODY = YES;
				CLANG_WARN_ENUM_CONVERSION = YES;
				CLANG_WARN_INFINITE_RECURSION = YES;
				CLANG_WARN_INT_CONVERSION = YES;
				CLANG_WARN_NON_LITERAL_NULL_CONVERSION = YES;
				CLANG_WARN_OBJC_IMPLICIT_RETAIN_SELF = YES;
				CLANG_WARN_OBJC_LITERAL_CONVERSION = YES;
				CLANG_WARN_OBJC_ROOT_CLASS = YES_ERROR;
				CLANG_WARN_QUOTED_INCLUDE_IN_FRAMEWORK_HEADER = YES;
				CLANG_WARN_RANGE_LOOP_ANALYSIS = YES;
				CLANG_WARN_STRICT_PROTOTYPES = YES;
				CLANG_WARN_SUSPICIOUS_MOVE = YES;
				CLANG_WARN_UNGUARDED_AVAILABILITY = YES_AGGRESSIVE;
				CLANG_WARN_UNREACHABLE_CODE = YES;
				CLANG_WARN__DUPLICATE_METHOD_MATCH = YES;
				COPY_PHASE_STRIP = NO;
				DEBUG_INFORMATION_FORMAT = dwarf;
				ENABLE_STRICT_OBJC_MSGSEND = YES;
				ENABLE_TESTABILITY = YES;
				ENABLE_USER_SCRIPT_SANDBOXING = YES;
				GCC_C_LANGUAGE_STANDARD = gnu17;
				GCC_DYNAMIC_NO_PIC = NO;
				GCC_NO_COMMON_BLOCKS = YES;
				GCC_OPTIMIZATION_LEVEL = 0;
				GCC_PREPROCESSOR_DEFINITIONS = (
					"DEBUG=1",
					"$(inherited)",
				);
				GCC_WARN_64_TO_32_BIT_CONVERSION = YES;
				GCC_WARN_ABOUT_RETURN_TYPE = YES_ERROR;
				GCC_WARN_UNDECLARED_SELECTOR = YES;
				GCC_WARN_UNINITIALIZED_AUTOS = YES_AGGRESSIVE;
				GCC_WARN_UNUSED_FUNCTION = YES;
				GCC_WARN_UNUSED_VARIABLE = YES;
				IPHONEOS_DEPLOYMENT_TARGET = 17.5;
				LOCALIZATION_PREFERS_STRING_CATALOGS = YES;
				MTL_ENABLE_DEBUG_INFO = INCLUDE_SOURCE;
				MTL_FAST_MATH = YES;
				ONLY_ACTIVE_ARCH = YES;
				SDKROOT = iphoneos;
				SWIFT_ACTIVE_COMPILATION_CONDITIONS = "DEBUG $(inherited)";
				SWIFT_OPTIMIZATION_LEVEL = "-Onone";
			};
			name = Debug;
		};
		AB51F0BC2C8B59AF00FB07AE /* Release */ = {
			isa = XCBuildConfiguration;
			buildSettings = {
				ALWAYS_SEARCH_USER_PATHS = NO;
				ASSETCATALOG_COMPILER_GENERATE_SWIFT_ASSET_SYMBOL_EXTENSIONS = YES;
				CLANG_ANALYZER_NONNULL = YES;
				CLANG_ANALYZER_NUMBER_OBJECT_CONVERSION = YES_AGGRESSIVE;
				CLANG_CXX_LANGUAGE_STANDARD = "gnu++20";
				CLANG_ENABLE_MODULES = YES;
				CLANG_ENABLE_OBJC_ARC = YES;
				CLANG_ENABLE_OBJC_WEAK = YES;
				CLANG_WARN_BLOCK_CAPTURE_AUTORELEASING = YES;
				CLANG_WARN_BOOL_CONVERSION = YES;
				CLANG_WARN_COMMA = YES;
				CLANG_WARN_CONSTANT_CONVERSION = YES;
				CLANG_WARN_DEPRECATED_OBJC_IMPLEMENTATIONS = YES;
				CLANG_WARN_DIRECT_OBJC_ISA_USAGE = YES_ERROR;
				CLANG_WARN_DOCUMENTATION_COMMENTS = YES;
				CLANG_WARN_EMPTY_BODY = YES;
				CLANG_WARN_ENUM_CONVERSION = YES;
				CLANG_WARN_INFINITE_RECURSION = YES;
				CLANG_WARN_INT_CONVERSION = YES;
				CLANG_WARN_NON_LITERAL_NULL_CONVERSION = YES;
				CLANG_WARN_OBJC_IMPLICIT_RETAIN_SELF = YES;
				CLANG_WARN_OBJC_LITERAL_CONVERSION = YES;
				CLANG_WARN_OBJC_ROOT_CLASS = YES_ERROR;
				CLANG_WARN_QUOTED_INCLUDE_IN_FRAMEWORK_HEADER = YES;
				CLANG_WARN_RANGE_LOOP_ANALYSIS = YES;
				CLANG_WARN_STRICT_PROTOTYPES = YES;
				CLANG_WARN_SUSPICIOUS_MOVE = YES;
				CLANG_WARN_UNGUARDED_AVAILABILITY = YES_AGGRESSIVE;
				CLANG_WARN_UNREACHABLE_CODE = YES;
				CLANG_WARN__DUPLICATE_METHOD_MATCH = YES;
				COPY_PHASE_STRIP = NO;
				DEBUG_INFORMATION_FORMAT = "dwarf-with-dsym";
				ENABLE_NS_ASSERTIONS = NO;
				ENABLE_STRICT_OBJC_MSGSEND = YES;
				ENABLE_USER_SCRIPT_SANDBOXING = YES;
				GCC_C_LANGUAGE_STANDARD = gnu17;
				GCC_NO_COMMON_BLOCKS = YES;
				GCC_WARN_64_TO_32_BIT_CONVERSION = YES;
				GCC_WARN_ABOUT_RETURN_TYPE = YES_ERROR;
				GCC_WARN_UNDECLARED_SELECTOR = YES;
				GCC_WARN_UNINITIALIZED_AUTOS = YES_AGGRESSIVE;
				GCC_WARN_UNUSED_FUNCTION = YES;
				GCC_WARN_UNUSED_VARIABLE = YES;
				IPHONEOS_DEPLOYMENT_TARGET = 17.5;
				LOCALIZATION_PREFERS_STRING_CATALOGS = YES;
				MTL_ENABLE_DEBUG_INFO = NO;
				MTL_FAST_MATH = YES;
				SDKROOT = iphoneos;
				SWIFT_COMPILATION_MODE = wholemodule;
				VALIDATE_PRODUCT = YES;
			};
			name = Release;
		};
		AB51F0BE2C8B59AF00FB07AE /* Debug */ = {
			isa = XCBuildConfiguration;
			buildSettings = {
				ASSETCATALOG_COMPILER_APPICON_NAME = AppIcon;
				ASSETCATALOG_COMPILER_GLOBAL_ACCENT_COLOR_NAME = AccentColor;
				CODE_SIGN_STYLE = Automatic;
				CURRENT_PROJECT_VERSION = 1;
				DEVELOPMENT_ASSET_PATHS = "\"Hr/Preview Content\"";
				DEVELOPMENT_TEAM = CPL29FKD9J;
				ENABLE_PREVIEWS = YES;
				GENERATE_INFOPLIST_FILE = YES;
				INFOPLIST_FILE = Hr/Info.plist;
				INFOPLIST_KEY_UIApplicationSceneManifest_Generation = YES;
				INFOPLIST_KEY_UIApplicationSupportsIndirectInputEvents = YES;
				INFOPLIST_KEY_UILaunchScreen_Generation = YES;
				INFOPLIST_KEY_UISupportedInterfaceOrientations_iPad = "UIInterfaceOrientationPortrait UIInterfaceOrientationPortraitUpsideDown UIInterfaceOrientationLandscapeLeft UIInterfaceOrientationLandscapeRight";
				INFOPLIST_KEY_UISupportedInterfaceOrientations_iPhone = "UIInterfaceOrientationPortrait UIInterfaceOrientationLandscapeLeft UIInterfaceOrientationLandscapeRight";
				LD_RUNPATH_SEARCH_PATHS = (
					"$(inherited)",
					"@executable_path/Frameworks",
				);
				MARKETING_VERSION = 1.0;
				PRODUCT_BUNDLE_IDENTIFIER = com.forbest.Hr;
				PRODUCT_NAME = "$(TARGET_NAME)";
				SWIFT_EMIT_LOC_STRINGS = YES;
				SWIFT_VERSION = 5.0;
				TARGETED_DEVICE_FAMILY = "1,2";
			};
			name = Debug;
		};
		AB51F0BF2C8B59AF00FB07AE /* Release */ = {
			isa = XCBuildConfiguration;
			buildSettings = {
				ASSETCATALOG_COMPILER_APPICON_NAME = AppIcon;
				ASSETCATALOG_COMPILER_GLOBAL_ACCENT_COLOR_NAME = AccentColor;
				CODE_SIGN_STYLE = Automatic;
				CURRENT_PROJECT_VERSION = 1;
				DEVELOPMENT_ASSET_PATHS = "\"Hr/Preview Content\"";
				DEVELOPMENT_TEAM = CPL29FKD9J;
				ENABLE_PREVIEWS = YES;
				GENERATE_INFOPLIST_FILE = YES;
				INFOPLIST_FILE = Hr/Info.plist;
				INFOPLIST_KEY_UIApplicationSceneManifest_Generation = YES;
				INFOPLIST_KEY_UIApplicationSupportsIndirectInputEvents = YES;
				INFOPLIST_KEY_UILaunchScreen_Generation = YES;
				INFOPLIST_KEY_UISupportedInterfaceOrientations_iPad = "UIInterfaceOrientationPortrait UIInterfaceOrientationPortraitUpsideDown UIInterfaceOrientationLandscapeLeft UIInterfaceOrientationLandscapeRight";
				INFOPLIST_KEY_UISupportedInterfaceOrientations_iPhone = "UIInterfaceOrientationPortrait UIInterfaceOrientationLandscapeLeft UIInterfaceOrientationLandscapeRight";
				LD_RUNPATH_SEARCH_PATHS = (
					"$(inherited)",
					"@executable_path/Frameworks",
				);
				MARKETING_VERSION = 1.0;
				PRODUCT_BUNDLE_IDENTIFIER = com.forbest.Hr;
				PRODUCT_NAME = "$(TARGET_NAME)";
				SWIFT_EMIT_LOC_STRINGS = YES;
				SWIFT_VERSION = 5.0;
				TARGETED_DEVICE_FAMILY = "1,2";
			};
			name = Release;
		};
/* End XCBuildConfiguration section */

/* Begin XCConfigurationList section */
		AB51F0AA2C8B59AD00FB07AE /* Build configuration list for PBXProject "Hr" */ = {
			isa = XCConfigurationList;
			buildConfigurations = (
				AB51F0BB2C8B59AF00FB07AE /* Debug */,
				AB51F0BC2C8B59AF00FB07AE /* Release */,
			);
			defaultConfigurationIsVisible = 0;
			defaultConfigurationName = Release;
		};
		AB51F0BD2C8B59AF00FB07AE /* Build configuration list for PBXNativeTarget "Hr" */ = {
			isa = XCConfigurationList;
			buildConfigurations = (
				AB51F0BE2C8B59AF00FB07AE /* Debug */,
				AB51F0BF2C8B59AF00FB07AE /* Release */,
			);
			defaultConfigurationIsVisible = 0;
			defaultConfigurationName = Release;
		};
/* End XCConfigurationList section */
	};
	rootObject = AB51F0A72C8B59AD00FB07AE /* Project object */;
}
